
Microsoft Visual Studio Solution File, Format Version 12.00
# Visual Studio Version 17
VisualStudioVersion = 17.3.32811.315
MinimumVisualStudioVersion = 10.0.40219.1
Project("{9A19103F-16F7-4668-BE54-9A1E7A4F7556}") = "RootService", "RootService\RootService.csproj", "{F6B09FF1-8D7B-434E-83FE-535762955666}"
EndProject
Project("{9A19103F-16F7-4668-BE54-9A1E7A4F7556}") = "SampleService", "SampleService\SampleService.csproj", "{C699EA78-54EE-4758-A432-41E48107D327}"
EndProject
Project("{FAE04EC0-301F-11D3-BF4B-00C04F79EFBC}") = "Net.Http.Utils", "Net.Http.Utils\Net.Http.Utils.csproj", "{7C699EF8-64CE-4DF5-93E7-370CFA30FAE1}"
EndProject
Global
	GlobalSection(SolutionConfigurationPlatforms) = preSolution
		Debug|Any CPU = Debug|Any CPU
		Release|Any CPU = Release|Any CPU
	EndGlobalSection
	GlobalSection(ProjectConfigurationPlatforms) = postSolution
		{F6B09FF1-8D7B-434E-83FE-535762955666}.Debug|Any CPU.ActiveCfg = Debug|Any CPU
		{F6B09FF1-8D7B-434E-83FE-535762955666}.Debug|Any CPU.Build.0 = Debug|Any CPU
		{F6B09FF1-8D7B-434E-83FE-535762955666}.Release|Any CPU.ActiveCfg = Release|Any CPU
		{F6B09FF1-8D7B-434E-83FE-535762955666}.Release|Any CPU.Build.0 = Release|Any CPU
		{C699EA78-54EE-4758-A432-41E48107D327}.Debug|Any CPU.ActiveCfg = Debug|Any CPU
		{C699EA78-54EE-4758-A432-41E48107D327}.Debug|Any CPU.Build.0 = Debug|Any CPU
		{C699EA78-54EE-4758-A432-41E48107D327}.Release|Any CPU.ActiveCfg = Release|Any CPU
		{C699EA78-54EE-4758-A432-41E48107D327}.Release|Any CPU.Build.0 = Release|Any CPU
		{7C699EF8-64CE-4DF5-93E7-370CFA30FAE1}.Debug|Any CPU.ActiveCfg = Debug|Any CPU
		{7C699EF8-64CE-4DF5-93E7-370CFA30FAE1}.Debug|Any CPU.Build.0 = Debug|Any CPU
		{7C699EF8-64CE-4DF5-93E7-370CFA30FAE1}.Release|Any CPU.ActiveCfg = Release|Any CPU
		{7C699EF8-64CE-4DF5-93E7-370CFA30FAE1}.Release|Any CPU.Build.0 = Release|Any CPU
	EndGlobalSection
	GlobalSection(SolutionProperties) = preSolution
		HideSolutionNode = FALSE
	EndGlobalSection
	GlobalSection(ExtensibilityGlobals) = postSolution
		SolutionGuid = {52B3A010-2AB9-4ED9-BFB3-4ADDC9E5BFBF}
	EndGlobalSection
EndGlobal
