
Microsoft Visual Studio Solution File, Format Version 12.00
# Visual Studio Version 17
VisualStudioVersion = 17.3.32811.315
MinimumVisualStudioVersion = 10.0.40219.1
Project("{FAE04EC0-301F-11D3-BF4B-00C04F79EFBC}") = "ChatService", "ChatService\ChatService.csproj", "{EEC1B30F-C5AB-4F14-8455-EB75238805D2}"
EndProject
Global
	GlobalSection(SolutionConfigurationPlatforms) = preSolution
		Debug|Any CPU = Debug|Any CPU
		Release|Any CPU = Release|Any CPU
	EndGlobalSection
	GlobalSection(ProjectConfigurationPlatforms) = postSolution
		{EEC1B30F-C5AB-4F14-8455-EB75238805D2}.Debug|Any CPU.ActiveCfg = Debug|Any CPU
		{EEC1B30F-C5AB-4F14-8455-EB75238805D2}.Debug|Any CPU.Build.0 = Debug|Any CPU
		{EEC1B30F-C5AB-4F14-8455-EB75238805D2}.Release|Any CPU.ActiveCfg = Release|Any CPU
		{EEC1B30F-C5AB-4F14-8455-EB75238805D2}.Release|Any CPU.Build.0 = Release|Any CPU
	EndGlobalSection
	GlobalSection(SolutionProperties) = preSolution
		HideSolutionNode = FALSE
	EndGlobalSection
	GlobalSection(ExtensibilityGlobals) = postSolution
		SolutionGuid = {85C9C8FA-3E66-410C-A937-0E347661C7DB}
	EndGlobalSection
EndGlobal
