
Microsoft Visual Studio Solution File, Format Version 12.00
# Visual Studio Version 17
VisualStudioVersion = 17.2.32630.192
MinimumVisualStudioVersion = 10.0.40219.1
Project("{9A19103F-16F7-4668-BE54-9A1E7A4F7556}") = "ClinicService", "ClinicService.csproj", "{1DE37606-FE14-4185-8BB1-39B154239A9A}"
EndProject
Project("{9A19103F-16F7-4668-BE54-9A1E7A4F7556}") = "ClinicService.Data", "..\ClinicService.Data\ClinicService.Data.csproj", "{61CE92DA-0ADA-4098-9D11-0578EC46A856}"
EndProject
Project("{9A19103F-16F7-4668-BE54-9A1E7A4F7556}") = "ClinicClient", "..\ClinicClient\ClinicClient.csproj", "{DEAD7116-6B0D-4241-9D2F-D4187EDE9D62}"
EndProject
Project("{FAE04EC0-301F-11D3-BF4B-00C04F79EFBC}") = "Accounts.Helper", "..\Accounts.Helper\Accounts.Helper.csproj", "{7D8DA484-83DE-4FEB-BA39-30A14B0819B7}"
EndProject
Global
	GlobalSection(SolutionConfigurationPlatforms) = preSolution
		Debug|Any CPU = Debug|Any CPU
		Release|Any CPU = Release|Any CPU
	EndGlobalSection
	GlobalSection(ProjectConfigurationPlatforms) = postSolution
		{1DE37606-FE14-4185-8BB1-39B154239A9A}.Debug|Any CPU.ActiveCfg = Debug|Any CPU
		{1DE37606-FE14-4185-8BB1-39B154239A9A}.Debug|Any CPU.Build.0 = Debug|Any CPU
		{1DE37606-FE14-4185-8BB1-39B154239A9A}.Release|Any CPU.ActiveCfg = Release|Any CPU
		{1DE37606-FE14-4185-8BB1-39B154239A9A}.Release|Any CPU.Build.0 = Release|Any CPU
		{61CE92DA-0ADA-4098-9D11-0578EC46A856}.Debug|Any CPU.ActiveCfg = Debug|Any CPU
		{61CE92DA-0ADA-4098-9D11-0578EC46A856}.Debug|Any CPU.Build.0 = Debug|Any CPU
		{61CE92DA-0ADA-4098-9D11-0578EC46A856}.Release|Any CPU.ActiveCfg = Release|Any CPU
		{61CE92DA-0ADA-4098-9D11-0578EC46A856}.Release|Any CPU.Build.0 = Release|Any CPU
		{DEAD7116-6B0D-4241-9D2F-D4187EDE9D62}.Debug|Any CPU.ActiveCfg = Debug|Any CPU
		{DEAD7116-6B0D-4241-9D2F-D4187EDE9D62}.Debug|Any CPU.Build.0 = Debug|Any CPU
		{DEAD7116-6B0D-4241-9D2F-D4187EDE9D62}.Release|Any CPU.ActiveCfg = Release|Any CPU
		{DEAD7116-6B0D-4241-9D2F-D4187EDE9D62}.Release|Any CPU.Build.0 = Release|Any CPU
		{7D8DA484-83DE-4FEB-BA39-30A14B0819B7}.Debug|Any CPU.ActiveCfg = Debug|Any CPU
		{7D8DA484-83DE-4FEB-BA39-30A14B0819B7}.Debug|Any CPU.Build.0 = Debug|Any CPU
		{7D8DA484-83DE-4FEB-BA39-30A14B0819B7}.Release|Any CPU.ActiveCfg = Release|Any CPU
		{7D8DA484-83DE-4FEB-BA39-30A14B0819B7}.Release|Any CPU.Build.0 = Release|Any CPU
	EndGlobalSection
	GlobalSection(SolutionProperties) = preSolution
		HideSolutionNode = FALSE
	EndGlobalSection
	GlobalSection(ExtensibilityGlobals) = postSolution
		SolutionGuid = {4F7A079C-2535-43A5-8B32-91129EDABF32}
	EndGlobalSection
EndGlobal
